{
  "name": "ei-node-build",
  "version": "1.0.0",
  "lockfileVersion": 2,
  "requires": true,
  "packages": {
    "": {
      "name": "ei-node-build",
      "version": "1.0.0",
      "license": "MIT",
      "dependencies": {
        "@nodenv/node-build-update-defs": "github:elastic-infra/node-build-update-defs"
      }
    },
    "node_modules/@nodenv/node-build-update-defs": {
      "version": "2.11.0",
      "resolved": "git+ssh://git@github.com/elastic-infra/node-build-update-defs.git#6bd8c43ade0214c5dabc3cae3a8c1306a42d244b",
      "hasInstallScript": true,
      "license": "MIT",
      "bin": {
        "nodenv-prune-version-defs": "bin/nodenv-prune-version-defs",
        "nodenv-update-version-defs": "bin/nodenv-update-version-defs"
      },
      "engines": {
        "node": ">=6"
      }
    }
  },
  "dependencies": {
    "@nodenv/node-build-update-defs": {
      "version": "git+ssh://git@github.com/elastic-infra/node-build-update-defs.git#6bd8c43ade0214c5dabc3cae3a8c1306a42d244b",
      "from": "@nodenv/node-build-update-defs@git+https://github.com/elastic-infra/node-build-update-defs.git"
    }
  }
}
